
Microsoft Visual Studio Solution File, Format Version 12.00
# Visual Studio Version 16
VisualStudioVersion = 16.0.31424.327
MinimumVisualStudioVersion = 10.0.40219.1
Project("{FAE04EC0-301F-11D3-BF4B-00C04F79EFBC}") = "MPGC_API", "MPGC_API.csproj", "{11C8EA5B-E947-47DB-A03A-0E30CA39023A}"
EndProject
Global
	GlobalSection(SolutionConfigurationPlatforms) = preSolution
		Debug|Any CPU = Debug|Any CPU
		Release|Any CPU = Release|Any CPU
	EndGlobalSection
	GlobalSection(ProjectConfigurationPlatforms) = postSolution
		{11C8EA5B-E947-47DB-A03A-0E30CA39023A}.Debug|Any CPU.ActiveCfg = Debug|Any CPU
		{11C8EA5B-E947-47DB-A03A-0E30CA39023A}.Debug|Any CPU.Build.0 = Debug|Any CPU
		{11C8EA5B-E947-47DB-A03A-0E30CA39023A}.Release|Any CPU.ActiveCfg = Release|Any CPU
		{11C8EA5B-E947-47DB-A03A-0E30CA39023A}.Release|Any CPU.Build.0 = Release|Any CPU
	EndGlobalSection
	GlobalSection(SolutionProperties) = preSolution
		HideSolutionNode = FALSE
	EndGlobalSection
	GlobalSection(ExtensibilityGlobals) = postSolution
		SolutionGuid = {8B701E05-62A9-4CCF-8A7A-263B475C5364}
	EndGlobalSection
EndGlobal
